
Microsoft Visual Studio Solution File, Format Version 12.00
# Visual Studio Version 17
VisualStudioVersion = 17.10.35027.167
MinimumVisualStudioVersion = 10.0.40219.1
Project("{FAE04EC0-301F-11D3-BF4B-00C04F79EFBC}") = "AimpeCausa", "AimpeCausa\AimpeCausa.csproj", "{2517D3DD-A7C6-4250-ADBF-5C58DA297AF3}"
EndProject
Global
	GlobalSection(SolutionConfigurationPlatforms) = preSolution
		Debug|Any CPU = Debug|Any CPU
		Release|Any CPU = Release|Any CPU
	EndGlobalSection
	GlobalSection(ProjectConfigurationPlatforms) = postSolution
		{2517D3DD-A7C6-4250-ADBF-5C58DA297AF3}.Debug|Any CPU.ActiveCfg = Debug|Any CPU
		{2517D3DD-A7C6-4250-ADBF-5C58DA297AF3}.Debug|Any CPU.Build.0 = Debug|Any CPU
		{2517D3DD-A7C6-4250-ADBF-5C58DA297AF3}.Release|Any CPU.ActiveCfg = Release|Any CPU
		{2517D3DD-A7C6-4250-ADBF-5C58DA297AF3}.Release|Any CPU.Build.0 = Release|Any CPU
	EndGlobalSection
	GlobalSection(SolutionProperties) = preSolution
		HideSolutionNode = FALSE
	EndGlobalSection
	GlobalSection(ExtensibilityGlobals) = postSolution
		SolutionGuid = {BC11BFFF-B213-45CF-8D25-D2CFD369C684}
	EndGlobalSection
EndGlobal
